<Solution>
  <Folder Name="/gateway/">
    <Project Path="gateway/Gateway.csproj" />
  </Folder>
  <Folder Name="/services/" />
  <Folder Name="/services/auth/">
    <Project Path="services/auth/Auth.csproj" />
  </Folder>
  <Folder Name="/services/catalog/">
    <Project Path="services/catalog/Catalog.csproj" />
  </Folder>
  <Folder Name="/services/orders/">
    <Project Path="services/orders/Orders.csproj" />
  </Folder>
  <Folder Name="/services/shipping/">
    <Project Path="services/shipping/Shipping.csproj" />
  </Folder>
  <Folder Name="/shared/">
    <Project Path="shared/Shop.Contracts/Shop.Contracts.csproj" />
  </Folder>
  <Folder Name="/tests/">
    <Project Path="tests/Catalog.Tests/Catalog.Tests.csproj" />
    <Project Path="tests/Orders.Tests/Orders.Tests.csproj" />
  </Folder>
</Solution>
